
Microsoft Visual Studio Solution File, Format Version 12.00
# Visual Studio Version 17
VisualStudioVersion = 17.3.32901.215
MinimumVisualStudioVersion = 10.0.40219.1
Project("{9A19103F-16F7-4668-BE54-9A1E7A4F7556}") = "P.01.Guinea Pig", "P.01.Guinea Pig\P.01.Guinea Pig.csproj", "{460C70A6-D183-4778-BA7A-F85A9C49B74E}"
EndProject
Project("{9A19103F-16F7-4668-BE54-9A1E7A4F7556}") = "P.02.", "P.02\P.02..csproj", "{0EA459B3-EFF7-4771-A2C1-E939FCD47EF3}"
EndProject
Project("{9A19103F-16F7-4668-BE54-9A1E7A4F7556}") = "P.03.", "P.03\P.03..csproj", "{DC6FF5EA-33CC-4631-9490-6CA5726F36BE}"
EndProject
Project("{FAE04EC0-301F-11D3-BF4B-00C04F79EFBC}") = "P.04.", "P.04\P.04..csproj", "{C7AFA5AA-701B-45B3-ACAA-1B1793D1570B}"
EndProject
Project("{FAE04EC0-301F-11D3-BF4B-00C04F79EFBC}") = "P.05.", "P.05\P.05..csproj", "{424AC9BA-536E-42BC-9FB3-ADDEA5CB6105}"
EndProject
Global
	GlobalSection(SolutionConfigurationPlatforms) = preSolution
		Debug|Any CPU = Debug|Any CPU
		Release|Any CPU = Release|Any CPU
	EndGlobalSection
	GlobalSection(ProjectConfigurationPlatforms) = postSolution
		{460C70A6-D183-4778-BA7A-F85A9C49B74E}.Debug|Any CPU.ActiveCfg = Debug|Any CPU
		{460C70A6-D183-4778-BA7A-F85A9C49B74E}.Debug|Any CPU.Build.0 = Debug|Any CPU
		{460C70A6-D183-4778-BA7A-F85A9C49B74E}.Release|Any CPU.ActiveCfg = Release|Any CPU
		{460C70A6-D183-4778-BA7A-F85A9C49B74E}.Release|Any CPU.Build.0 = Release|Any CPU
		{0EA459B3-EFF7-4771-A2C1-E939FCD47EF3}.Debug|Any CPU.ActiveCfg = Debug|Any CPU
		{0EA459B3-EFF7-4771-A2C1-E939FCD47EF3}.Debug|Any CPU.Build.0 = Debug|Any CPU
		{0EA459B3-EFF7-4771-A2C1-E939FCD47EF3}.Release|Any CPU.ActiveCfg = Release|Any CPU
		{0EA459B3-EFF7-4771-A2C1-E939FCD47EF3}.Release|Any CPU.Build.0 = Release|Any CPU
		{DC6FF5EA-33CC-4631-9490-6CA5726F36BE}.Debug|Any CPU.ActiveCfg = Debug|Any CPU
		{DC6FF5EA-33CC-4631-9490-6CA5726F36BE}.Debug|Any CPU.Build.0 = Debug|Any CPU
		{DC6FF5EA-33CC-4631-9490-6CA5726F36BE}.Release|Any CPU.ActiveCfg = Release|Any CPU
		{DC6FF5EA-33CC-4631-9490-6CA5726F36BE}.Release|Any CPU.Build.0 = Release|Any CPU
		{C7AFA5AA-701B-45B3-ACAA-1B1793D1570B}.Debug|Any CPU.ActiveCfg = Debug|Any CPU
		{C7AFA5AA-701B-45B3-ACAA-1B1793D1570B}.Debug|Any CPU.Build.0 = Debug|Any CPU
		{C7AFA5AA-701B-45B3-ACAA-1B1793D1570B}.Release|Any CPU.ActiveCfg = Release|Any CPU
		{C7AFA5AA-701B-45B3-ACAA-1B1793D1570B}.Release|Any CPU.Build.0 = Release|Any CPU
		{424AC9BA-536E-42BC-9FB3-ADDEA5CB6105}.Debug|Any CPU.ActiveCfg = Debug|Any CPU
		{424AC9BA-536E-42BC-9FB3-ADDEA5CB6105}.Debug|Any CPU.Build.0 = Debug|Any CPU
		{424AC9BA-536E-42BC-9FB3-ADDEA5CB6105}.Release|Any CPU.ActiveCfg = Release|Any CPU
		{424AC9BA-536E-42BC-9FB3-ADDEA5CB6105}.Release|Any CPU.Build.0 = Release|Any CPU
	EndGlobalSection
	GlobalSection(SolutionProperties) = preSolution
		HideSolutionNode = FALSE
	EndGlobalSection
	GlobalSection(ExtensibilityGlobals) = postSolution
		SolutionGuid = {7264D676-9FC1-4E25-8578-E14BCEA20582}
	EndGlobalSection
EndGlobal
