
Microsoft Visual Studio Solution File, Format Version 12.00
# Visual Studio Version 17
VisualStudioVersion = 17.1.32421.90
MinimumVisualStudioVersion = 10.0.40219.1
Project("{9A19103F-16F7-4668-BE54-9A1E7A4F7556}") = "P.01. RevStr", "P.01. Reverse Strings\P.01. RevStr.csproj", "{7FF7204F-9ABA-4DD2-98A9-26CE50887E4A}"
EndProject
Project("{9A19103F-16F7-4668-BE54-9A1E7A4F7556}") = "P.02. RepStr", "P.02. Repeat Strings\P.02. RepStr.csproj", "{2AAF4C30-8D88-4A8F-9640-15850B94A87B}"
EndProject
Project("{9A19103F-16F7-4668-BE54-9A1E7A4F7556}") = "P.03. Substring", "P.03. Substring\P.03. Substring.csproj", "{F975DD25-FBEA-4B26-A201-F66710499075}"
EndProject
Project("{9A19103F-16F7-4668-BE54-9A1E7A4F7556}") = "P.04. Text Filter", "P.04. Text Filter\P.04. Text Filter.csproj", "{D9C7A6D4-A85B-46B1-A86A-BA77BF3D56FD}"
EndProject
Project("{9A19103F-16F7-4668-BE54-9A1E7A4F7556}") = "P.05. Digits, Letters and Other", "P.05. Digits, Letters and Other\P.05. Digits, Letters and Other.csproj", "{AD83B506-0B85-46B2-BDB5-B4583AD86210}"
EndProject
Global
	GlobalSection(SolutionConfigurationPlatforms) = preSolution
		Debug|Any CPU = Debug|Any CPU
		Release|Any CPU = Release|Any CPU
	EndGlobalSection
	GlobalSection(ProjectConfigurationPlatforms) = postSolution
		{7FF7204F-9ABA-4DD2-98A9-26CE50887E4A}.Debug|Any CPU.ActiveCfg = Debug|Any CPU
		{7FF7204F-9ABA-4DD2-98A9-26CE50887E4A}.Debug|Any CPU.Build.0 = Debug|Any CPU
		{7FF7204F-9ABA-4DD2-98A9-26CE50887E4A}.Release|Any CPU.ActiveCfg = Release|Any CPU
		{7FF7204F-9ABA-4DD2-98A9-26CE50887E4A}.Release|Any CPU.Build.0 = Release|Any CPU
		{2AAF4C30-8D88-4A8F-9640-15850B94A87B}.Debug|Any CPU.ActiveCfg = Debug|Any CPU
		{2AAF4C30-8D88-4A8F-9640-15850B94A87B}.Debug|Any CPU.Build.0 = Debug|Any CPU
		{2AAF4C30-8D88-4A8F-9640-15850B94A87B}.Release|Any CPU.ActiveCfg = Release|Any CPU
		{2AAF4C30-8D88-4A8F-9640-15850B94A87B}.Release|Any CPU.Build.0 = Release|Any CPU
		{F975DD25-FBEA-4B26-A201-F66710499075}.Debug|Any CPU.ActiveCfg = Debug|Any CPU
		{F975DD25-FBEA-4B26-A201-F66710499075}.Debug|Any CPU.Build.0 = Debug|Any CPU
		{F975DD25-FBEA-4B26-A201-F66710499075}.Release|Any CPU.ActiveCfg = Release|Any CPU
		{F975DD25-FBEA-4B26-A201-F66710499075}.Release|Any CPU.Build.0 = Release|Any CPU
		{D9C7A6D4-A85B-46B1-A86A-BA77BF3D56FD}.Debug|Any CPU.ActiveCfg = Debug|Any CPU
		{D9C7A6D4-A85B-46B1-A86A-BA77BF3D56FD}.Debug|Any CPU.Build.0 = Debug|Any CPU
		{D9C7A6D4-A85B-46B1-A86A-BA77BF3D56FD}.Release|Any CPU.ActiveCfg = Release|Any CPU
		{D9C7A6D4-A85B-46B1-A86A-BA77BF3D56FD}.Release|Any CPU.Build.0 = Release|Any CPU
		{AD83B506-0B85-46B2-BDB5-B4583AD86210}.Debug|Any CPU.ActiveCfg = Debug|Any CPU
		{AD83B506-0B85-46B2-BDB5-B4583AD86210}.Debug|Any CPU.Build.0 = Debug|Any CPU
		{AD83B506-0B85-46B2-BDB5-B4583AD86210}.Release|Any CPU.ActiveCfg = Release|Any CPU
		{AD83B506-0B85-46B2-BDB5-B4583AD86210}.Release|Any CPU.Build.0 = Release|Any CPU
	EndGlobalSection
	GlobalSection(SolutionProperties) = preSolution
		HideSolutionNode = FALSE
	EndGlobalSection
	GlobalSection(ExtensibilityGlobals) = postSolution
		SolutionGuid = {83E85D53-6EF0-4CF4-8C8B-8F588AE558A8}
	EndGlobalSection
EndGlobal
