
Microsoft Visual Studio Solution File, Format Version 12.00
# Visual Studio Version 17
VisualStudioVersion = 17.1.32421.90
MinimumVisualStudioVersion = 10.0.40219.1
Project("{FAE04EC0-301F-11D3-BF4B-00C04F79EFBC}") = "P.01. Longest Palindrome Sub-List", "P.01. Longest Palindrome Sub-List\P.01. Longest Palindrome Sub-List.csproj", "{272CD571-E249-420E-BDC0-FFEB38677166}"
EndProject
Global
	GlobalSection(SolutionConfigurationPlatforms) = preSolution
		Debug|Any CPU = Debug|Any CPU
		Release|Any CPU = Release|Any CPU
	EndGlobalSection
	GlobalSection(ProjectConfigurationPlatforms) = postSolution
		{272CD571-E249-420E-BDC0-FFEB38677166}.Debug|Any CPU.ActiveCfg = Debug|Any CPU
		{272CD571-E249-420E-BDC0-FFEB38677166}.Debug|Any CPU.Build.0 = Debug|Any CPU
		{272CD571-E249-420E-BDC0-FFEB38677166}.Release|Any CPU.ActiveCfg = Release|Any CPU
		{272CD571-E249-420E-BDC0-FFEB38677166}.Release|Any CPU.Build.0 = Release|Any CPU
	EndGlobalSection
	GlobalSection(SolutionProperties) = preSolution
		HideSolutionNode = FALSE
	EndGlobalSection
	GlobalSection(ExtensibilityGlobals) = postSolution
		SolutionGuid = {2818EBC5-415C-4A81-B109-318A6B26766C}
	EndGlobalSection
EndGlobal
